{
  "version": 4,
  "terraform_version": "1.15.2",
  "serial": 14,
  "lineage": "56492bd3-5773-3002-0d09-a640d183464f",
  "outputs": {
    "grafana_url": {
      "value": "http://172.232.246.206:3000",
      "type": "string"
    },
    "instance_ip": {
      "value": "172.232.246.206",
      "type": "string"
    },
    "ssh_command": {
      "value": "ssh root@172.232.246.206",
      "type": "string"
    },
    "streamlit_url": {
      "value": "http://172.232.246.206:8501",
      "type": "string"
    }
  },
  "resources": [
    {
      "mode": "managed",
      "type": "linode_firewall",
      "name": "fw",
      "provider": "provider[\"registry.terraform.io/linode/linode\"]",
      "instances": [
        {
          "schema_version": 0,
          "attributes": {
            "created": "2026-05-15T02:36:32Z",
            "devices": [],
            "disabled": false,
            "id": "18785945",
            "inbound": [
              {
                "action": "ACCEPT",
                "description": "",
                "ipv4": [
                  "162.207.204.214/32"
                ],
                "ipv6": null,
                "label": "ssh",
                "ports": "22",
                "protocol": "TCP"
              },
              {
                "action": "ACCEPT",
                "description": "",
                "ipv4": [
                  "162.207.204.214/32"
                ],
                "ipv6": null,
                "label": "grafana",
                "ports": "3000",
                "protocol": "TCP"
              },
              {
                "action": "ACCEPT",
                "description": "",
                "ipv4": [
                  "162.207.204.214/32"
                ],
                "ipv6": null,
                "label": "streamlit",
                "ports": "8501",
                "protocol": "TCP"
              }
            ],
            "inbound_policy": "DROP",
            "interfaces": [],
            "label": "vllm-speculative-demo-fw",
            "linodes": [],
            "nodebalancers": [],
            "outbound": [],
            "outbound_policy": "ACCEPT",
            "status": "enabled",
            "tags": [],
            "updated": "2026-05-15T02:36:32Z"
          },
          "sensitive_attributes": [],
          "identity_schema_version": 0
        }
      ]
    },
    {
      "mode": "managed",
      "type": "linode_instance",
      "name": "gpu",
      "provider": "provider[\"registry.terraform.io/linode/linode\"]",
      "instances": [
        {
          "schema_version": 0,
          "attributes": {
            "alerts": [
              {
                "cpu": 1440,
                "io": 10000,
                "network_in": 10,
                "network_out": 10,
                "transfer_quota": 80
              }
            ],
            "authorized_keys": [
              "ssh-ed25519 AAAAC3NzaC1lZDI1NTE5AAAAID868+z9SssmmyRakIaS4fnBdVMsjoZ7vguSs+rxb9h2 kirui.sheilah@gmail.com"
            ],
            "authorized_users": null,
            "backup_id": null,
            "backups": [
              {
                "available": false,
                "enabled": false,
                "schedule": [
                  {
                    "day": "",
                    "window": ""
                  }
                ]
              }
            ],
            "backups_enabled": false,
            "boot_config_label": "My Ubuntu 22.04 LTS Disk Profile",
            "booted": true,
            "capabilities": [
              "Block Storage Encryption",
              "Maintenance Policy",
              "SMTP Enabled"
            ],
            "config": [
              {
                "comments": "",
                "devices": [
                  {
                    "sda": [
                      {
                        "disk_id": 184078138,
                        "disk_label": "Ubuntu 22.04 LTS Disk",
                        "volume_id": 0
                      }
                    ],
                    "sdaa": [],
                    "sdab": [],
                    "sdac": [],
                    "sdad": [],
                    "sdae": [],
                    "sdaf": [],
                    "sdag": [],
                    "sdah": [],
                    "sdai": [],
                    "sdaj": [],
                    "sdak": [],
                    "sdal": [],
                    "sdam": [],
                    "sdan": [],
                    "sdao": [],
                    "sdap": [],
                    "sdaq": [],
                    "sdar": [],
                    "sdas": [],
                    "sdat": [],
                    "sdau": [],
                    "sdav": [],
                    "sdaw": [],
                    "sdax": [],
                    "sday": [],
                    "sdaz": [],
                    "sdb": [
                      {
                        "disk_id": 184078139,
                        "disk_label": "512 MB Swap Image",
                        "volume_id": 0
                      }
                    ],
                    "sdba": [],
                    "sdbb": [],
                    "sdbc": [],
                    "sdbd": [],
                    "sdbe": [],
                    "sdbf": [],
                    "sdbg": [],
                    "sdbh": [],
                    "sdbi": [],
                    "sdbj": [],
                    "sdbk": [],
                    "sdbl": [],
                    "sdc": [],
                    "sdd": [],
                    "sde": [],
                    "sdf": [],
                    "sdg": [],
                    "sdh": [],
                    "sdi": [],
                    "sdj": [],
                    "sdk": [],
                    "sdl": [],
                    "sdm": [],
                    "sdn": [],
                    "sdo": [],
                    "sdp": [],
                    "sdq": [],
                    "sdr": [],
                    "sds": [],
                    "sdt": [],
                    "sdu": [],
                    "sdv": [],
                    "sdw": [],
                    "sdx": [],
                    "sdy": [],
                    "sdz": []
                  }
                ],
                "helpers": [
                  {
                    "devtmpfs_automount": true,
                    "distro": true,
                    "modules_dep": true,
                    "network": true,
                    "updatedb_disabled": true
                  }
                ],
                "id": 101134357,
                "interface": [],
                "kernel": "linode/grub2",
                "label": "My Ubuntu 22.04 LTS Disk Profile",
                "memory_limit": 0,
                "root_device": "/dev/sda",
                "run_level": "default",
                "virt_mode": "paravirt"
              }
            ],
            "disk": [
              {
                "authorized_keys": [],
                "authorized_users": [],
                "filesystem": "ext4",
                "id": 184078138,
                "image": "",
                "label": "Ubuntu 22.04 LTS Disk",
                "read_only": false,
                "root_pass": "",
                "size": 1048064,
                "stackscript_data": {},
                "stackscript_id": 0
              },
              {
                "authorized_keys": [],
                "authorized_users": [],
                "filesystem": "swap",
                "id": 184078139,
                "image": "",
                "label": "512 MB Swap Image",
                "read_only": false,
                "root_pass": "",
                "size": 512,
                "stackscript_data": {},
                "stackscript_id": 0
              }
            ],
            "disk_encryption": "enabled",
            "firewall_id": 18785945,
            "group": "",
            "has_user_data": true,
            "host_uuid": "1946a620d14752bdfc068fe06eae138029611703",
            "id": "97655914",
            "image": "linode/ubuntu22.04",
            "interface": [],
            "interface_generation": "legacy_config",
            "ip_address": "172.232.246.206",
            "ipv4": [
              "172.232.246.206"
            ],
            "ipv6": "2600:3c0c::2000:14ff:fe4d:f766/128",
            "label": "vllm-speculative-demo-gpu",
            "lke_cluster_id": 0,
            "locks": [],
            "maintenance_policy": "linode/migrate",
            "metadata": [
              {
                "user_data": "I2Nsb3VkLWNvbmZpZwpwYWNrYWdlX3VwZGF0ZTogdHJ1ZQpwYWNrYWdlX3VwZ3JhZGU6IHRydWUKCnBhY2thZ2VzOgogIC0gYnVpbGQtZXNzZW50aWFsCiAgLSBnaXQKICAtIGN1cmwKICAtIHdnZXQKICAtIGh0b3AKICAtIHRtdXgKICAtIG52dG9wCiAgLSBweXRob24zLXBpcAogIC0gcHl0aG9uMy12ZW52CiAgLSBka21zCgpydW5jbWQ6CiAgLSBhcHQtZ2V0IGluc3RhbGwgLXkgbGludXgtaGVhZGVycy0kKHVuYW1lIC1yKSBidWlsZC1lc3NlbnRpYWwgZGttcwogIC0gYXB0LWdldCBwdXJnZSAteSAnKm52aWRpYSonIHx8IHRydWUKICAtIGFwdC1nZXQgYXV0b3JlbW92ZSAteQogIC0gYXB0LWdldCBpbnN0YWxsIC15IG52aWRpYS1kcml2ZXItNTk1LW9wZW4KICAtIGdpdCBjbG9uZSBodHRwczovL3NraXJ1aS1zb3VyY2U6Z2l0aHViX3BhdF8xMUFSRUpYSEEwNDJjcWtaN2V5NE9BX3BGb252dFl6TDdBeXFSWHRGdmg4QWZIZ0RxbUVyT09GUXNKQlh6VDZMWEFQSVVMR1NXNWdsOHdjSXBkQGdpdGh1Yi5jb20vYWthbWFpLWRldmVsb3BlcnMvc3BlY3VsYXRpdmUtZGVjb2RpbmctZXhhbXBsZS12bGxtLWJsYWNrd2VsbC5naXQgL3Jvb3QvdmxsbS1zcGVjdWxhdGl2ZS1kZW1vCgogICMgTWFrZSBTU0ggc2Vzc2lvbnMgbGFuZCBpbiB0aGUgcHJvamVjdCBkaXJlY3RvcnkKICAtIGVjaG8gJ2NkIC9yb290L3ZsbG0tc3BlY3VsYXRpdmUtZGVtbycgPj4gL3Jvb3QvLmJhc2hyYwoKICAjIEF1dG8tYWN0aXZhdGUgdmVudiBhZnRlciBzdGFydC1kZW1vLnNoIGNyZWF0ZXMgaXQKICAtIGVjaG8gJ2lmIFsgLWYgL3Jvb3QvdmxsbS1zcGVjdWxhdGl2ZS1kZW1vLy52ZW52L2Jpbi9hY3RpdmF0ZSBdOyB0aGVuIHNvdXJjZSAvcm9vdC92bGxtLXNwZWN1bGF0aXZlLWRlbW8vLnZlbnYvYmluL2FjdGl2YXRlOyBmaScgPj4gL3Jvb3QvLmJhc2hyYwoKICAtIGVjaG8gIlNldHVwIGNvbXBsZXRlLiBSZWJvb3RpbmcgZm9yIE5WSURJQSBkcml2ZXIuIiB8IHRlZSAvcm9vdC9jbG91ZC1pbml0LXZsbG0ubG9nCgpwb3dlcl9zdGF0ZToKICBtb2RlOiByZWJvb3Q="
              }
            ],
            "migration_type": "cold",
            "network_helper": null,
            "placement_group": [],
            "placement_group_externally_managed": null,
            "private_ip": false,
            "private_ip_address": null,
            "region": "id-cgk",
            "resize_disk": false,
            "root_pass": "Gr+tT+8JYaiGrw0LUu8bUReFkXDW6bK4TsPdE4+0hejsyFQaOE9OAS+xeAnqFlH6pe9hGJ+SHFajJsRJPXSA8A==",
            "shared_ipv4": [],
            "specs": [
              {
                "accelerated_devices": 0,
                "disk": 1048576,
                "gpus": 1,
                "memory": 180224,
                "transfer": 0,
                "vcpus": 16
              }
            ],
            "stackscript_data": null,
            "stackscript_id": null,
            "status": "running",
            "swap_size": 512,
            "tags": [
              "gpu",
              "speculative-decoding",
              "vllm"
            ],
            "timeouts": null,
            "type": "g3-gpu-rtxpro6000-blackwell-1",
            "watchdog_enabled": true
          },
          "sensitive_attributes": [
            [
              {
                "type": "get_attr",
                "value": "disk"
              },
              {
                "type": "index",
                "value": {
                  "value": 0,
                  "type": "number"
                }
              },
              {
                "type": "get_attr",
                "value": "root_pass"
              }
            ],
            [
              {
                "type": "get_attr",
                "value": "disk"
              },
              {
                "type": "index",
                "value": {
                  "value": 0,
                  "type": "number"
                }
              },
              {
                "type": "get_attr",
                "value": "stackscript_data"
              }
            ],
            [
              {
                "type": "get_attr",
                "value": "disk"
              },
              {
                "type": "index",
                "value": {
                  "value": 1,
                  "type": "number"
                }
              },
              {
                "type": "get_attr",
                "value": "root_pass"
              }
            ],
            [
              {
                "type": "get_attr",
                "value": "disk"
              },
              {
                "type": "index",
                "value": {
                  "value": 1,
                  "type": "number"
                }
              },
              {
                "type": "get_attr",
                "value": "stackscript_data"
              }
            ],
            [
              {
                "type": "get_attr",
                "value": "metadata"
              },
              {
                "type": "index",
                "value": {
                  "value": 0,
                  "type": "number"
                }
              },
              {
                "type": "get_attr",
                "value": "user_data"
              }
            ],
            [
              {
                "type": "get_attr",
                "value": "root_pass"
              }
            ],
            [
              {
                "type": "get_attr",
                "value": "stackscript_data"
              }
            ]
          ],
          "identity_schema_version": 0,
          "private": "eyJlMmJmYjczMC1lY2FhLTExZTYtOGY4OC0zNDM2M2JjN2M0YzAiOnsiY3JlYXRlIjo5MDAwMDAwMDAwMDAsImRlbGV0ZSI6NjAwMDAwMDAwMDAwLCJ1cGRhdGUiOjM2MDAwMDAwMDAwMDB9fQ==",
          "dependencies": [
            "linode_firewall.fw",
            "linode_sshkey.default"
          ]
        }
      ]
    },
    {
      "mode": "managed",
      "type": "linode_sshkey",
      "name": "default",
      "provider": "provider[\"registry.terraform.io/linode/linode\"]",
      "instances": [
        {
          "schema_version": 0,
          "attributes": {
            "created": "2026-05-15T02:36:32Z",
            "id": "645159",
            "label": "vllm-speculative-demo-key",
            "ssh_key": "ssh-ed25519 AAAAC3NzaC1lZDI1NTE5AAAAID868+z9SssmmyRakIaS4fnBdVMsjoZ7vguSs+rxb9h2 kirui.sheilah@gmail.com"
          },
          "sensitive_attributes": [],
          "identity_schema_version": 0
        }
      ]
    }
  ],
  "check_results": null
}
