{
  "version": 4,
  "terraform_version": "1.15.2",
  "serial": 10,
  "lineage": "56492bd3-5773-3002-0d09-a640d183464f",
  "outputs": {},
  "resources": [
    {
      "mode": "managed",
      "type": "linode_firewall",
      "name": "fw",
      "provider": "provider[\"registry.terraform.io/linode/linode\"]",
      "instances": [
        {
          "schema_version": 0,
          "attributes": {
            "created": "2026-05-15T02:36:32Z",
            "devices": [],
            "disabled": false,
            "id": "18785945",
            "inbound": [
              {
                "action": "ACCEPT",
                "description": "",
                "ipv4": [
                  "162.207.204.214/32"
                ],
                "ipv6": null,
                "label": "ssh",
                "ports": "22",
                "protocol": "TCP"
              },
              {
                "action": "ACCEPT",
                "description": "",
                "ipv4": [
                  "162.207.204.214/32"
                ],
                "ipv6": null,
                "label": "grafana",
                "ports": "3000",
                "protocol": "TCP"
              },
              {
                "action": "ACCEPT",
                "description": "",
                "ipv4": [
                  "162.207.204.214/32"
                ],
                "ipv6": null,
                "label": "streamlit",
                "ports": "8501",
                "protocol": "TCP"
              }
            ],
            "inbound_policy": "DROP",
            "interfaces": [],
            "label": "vllm-speculative-demo-fw",
            "linodes": [],
            "nodebalancers": [],
            "outbound": [],
            "outbound_policy": "ACCEPT",
            "status": "enabled",
            "tags": [],
            "updated": "2026-05-15T02:36:32Z"
          },
          "sensitive_attributes": [],
          "identity_schema_version": 0
        }
      ]
    },
    {
      "mode": "managed",
      "type": "linode_sshkey",
      "name": "default",
      "provider": "provider[\"registry.terraform.io/linode/linode\"]",
      "instances": [
        {
          "schema_version": 0,
          "attributes": {
            "created": "2026-05-15T02:36:32Z",
            "id": "645159",
            "label": "vllm-speculative-demo-key",
            "ssh_key": "ssh-ed25519 AAAAC3NzaC1lZDI1NTE5AAAAID868+z9SssmmyRakIaS4fnBdVMsjoZ7vguSs+rxb9h2 kirui.sheilah@gmail.com"
          },
          "sensitive_attributes": [],
          "identity_schema_version": 0
        }
      ]
    }
  ],
  "check_results": null
}
